PODS:
  - Alamofire (4.9.1)
  - Hero (1.5.0)

DEPENDENCIES:
  - Alamofire (~> 4.0)
  - Hero

SPEC REPOS:
  trunk:
    - Alamofire
    - Hero

SPEC CHECKSUMS:
  Alamofire: 85e8a02c69d6020a0d734f6054870d7ecb75cf18
  Hero: b7385b75e7259da62f4f85462f59a5082d66b058

PODFILE CHECKSUM: 101c34ffb17d865374982ab20b6754621eaefe45

COCOAPODS: 1.9.3
